
Microsoft Visual Studio Solution File, Format Version 12.00
# Visual Studio Version 17
VisualStudioVersion = 17.0.32014.148
MinimumVisualStudioVersion = 10.0.40219.1
Project("{FAE04EC0-301F-11D3-BF4B-00C04F79EFBC}") = "ExercicioPOOFuncionario", "ExercicioPOOFuncionario.csproj", "{53DEB8AC-D494-42E4-8E03-79779617F749}"
EndProject
Global
	GlobalSection(SolutionConfigurationPlatforms) = preSolution
		Debug|Any CPU = Debug|Any CPU
		Release|Any CPU = Release|Any CPU
	EndGlobalSection
	GlobalSection(ProjectConfigurationPlatforms) = postSolution
		{53DEB8AC-D494-42E4-8E03-79779617F749}.Debug|Any CPU.ActiveCfg = Debug|Any CPU
		{53DEB8AC-D494-42E4-8E03-79779617F749}.Debug|Any CPU.Build.0 = Debug|Any CPU
		{53DEB8AC-D494-42E4-8E03-79779617F749}.Release|Any CPU.ActiveCfg = Release|Any CPU
		{53DEB8AC-D494-42E4-8E03-79779617F749}.Release|Any CPU.Build.0 = Release|Any CPU
	EndGlobalSection
	GlobalSection(SolutionProperties) = preSolution
		HideSolutionNode = FALSE
	EndGlobalSection
	GlobalSection(ExtensibilityGlobals) = postSolution
		SolutionGuid = {A2AF5D36-C6C3-472B-8F0A-AB6235DA8CE0}
	EndGlobalSection
EndGlobal
